{
    "name": "@openbraininstitute/morphoviewer",
    "version": "0.29.0",
    "lockfileVersion": 3,
    "requires": true,
    "packages": {
        "": {
            "name": "@openbraininstitute/morphoviewer",
            "version": "0.29.0",
            "license": "Apache-2.0",
            "dependencies": {
                "@tolokoban/tgd": "^2.0.141",
                "fflate": "^0.8.2",
                "tslib": "^2.8.1"
            },
            "devDependencies": {
                "@biomejs/biome": "^2.4.15",
                "typescript": "^6.0.3"
            },
            "peerDependencies": {
                "react": "^19.2.4"
            }
        },
        "node_modules/@biomejs/biome": {
            "version": "2.4.15",
            "resolved": "https://registry.npmjs.org/@biomejs/biome/-/biome-2.4.15.tgz",
            "integrity": "sha512-j5VH3a/h/HXTKBM50MDMxRCzkeLv9S2XJcW2WgnZT1+xyisi+0bISrXR82gCX+8S9lvK0skEvHJRN+3Ktr2hlw==",
            "dev": true,
            "license": "MIT OR Apache-2.0",
            "bin": {
                "biome": "bin/biome"
            },
            "engines": {
                "node": ">=14.21.3"
            },
            "funding": {
                "type": "opencollective",
                "url": "https://opencollective.com/biome"
            },
            "optionalDependencies": {
                "@biomejs/cli-darwin-arm64": "2.4.15",
                "@biomejs/cli-darwin-x64": "2.4.15",
                "@biomejs/cli-linux-arm64": "2.4.15",
                "@biomejs/cli-linux-arm64-musl": "2.4.15",
                "@biomejs/cli-linux-x64": "2.4.15",
                "@biomejs/cli-linux-x64-musl": "2.4.15",
                "@biomejs/cli-win32-arm64": "2.4.15",
                "@biomejs/cli-win32-x64": "2.4.15"
            }
        },
        "node_modules/@biomejs/cli-darwin-arm64": {
            "version": "2.4.15",
            "resolved": "https://registry.npmjs.org/@biomejs/cli-darwin-arm64/-/cli-darwin-arm64-2.4.15.tgz",
            "integrity": "sha512-rF3PPqLq1yoST79zaQbDjVJwsuIeci/O+9bgNmC5QpgOqz6aqYuzA4abyAGx+mgyiDXn4A049xAN8gijbuR1Qg==",
            "cpu": [
                "arm64"
            ],
            "dev": true,
            "license": "MIT OR Apache-2.0",
            "optional": true,
            "os": [
                "darwin"
            ],
            "engines": {
                "node": ">=14.21.3"
            }
        },
        "node_modules/@biomejs/cli-darwin-x64": {
            "version": "2.4.15",
            "resolved": "https://registry.npmjs.org/@biomejs/cli-darwin-x64/-/cli-darwin-x64-2.4.15.tgz",
            "integrity": "sha512-/5KHXYMfSJs1fNXiX30xFtI8JcCFV6zaVVLxOa0M2sfqBKHkpQhRTv94yxQWxeTY2lzo2OuTlNvPC+hDQt2wcQ==",
            "cpu": [
                "x64"
            ],
            "dev": true,
            "license": "MIT OR Apache-2.0",
            "optional": true,
            "os": [
                "darwin"
            ],
            "engines": {
                "node": ">=14.21.3"
            }
        },
        "node_modules/@biomejs/cli-linux-arm64": {
            "version": "2.4.15",
            "resolved": "https://registry.npmjs.org/@biomejs/cli-linux-arm64/-/cli-linux-arm64-2.4.15.tgz",
            "integrity": "sha512-owaAMZD/T4LrD0ELNCk0Km3qrRHuM0X6EAyVE1FSqGY0rbLoiDLrO4Us2tllm6cAeB2Ioa9C2C08NZPdr8+0Ug==",
            "cpu": [
                "arm64"
            ],
            "dev": true,
            "license": "MIT OR Apache-2.0",
            "optional": true,
            "os": [
                "linux"
            ],
            "engines": {
                "node": ">=14.21.3"
            }
        },
        "node_modules/@biomejs/cli-linux-arm64-musl": {
            "version": "2.4.15",
            "resolved": "https://registry.npmjs.org/@biomejs/cli-linux-arm64-musl/-/cli-linux-arm64-musl-2.4.15.tgz",
            "integrity": "sha512-ZPcxznxm0pogHBLZhYntyR3sR+MrZjqJIKEr7ZqVen0Rl+P/4upVmfYXjftizi9RoqZntg33fv/1fbdhbYXpEQ==",
            "cpu": [
                "arm64"
            ],
            "dev": true,
            "license": "MIT OR Apache-2.0",
            "optional": true,
            "os": [
                "linux"
            ],
            "engines": {
                "node": ">=14.21.3"
            }
        },
        "node_modules/@biomejs/cli-linux-x64": {
            "version": "2.4.15",
            "resolved": "https://registry.npmjs.org/@biomejs/cli-linux-x64/-/cli-linux-x64-2.4.15.tgz",
            "integrity": "sha512-0jj7THz12GbUOLmMibktK6DZjqz2zV64KFxyBtcFTKPiiOIY0a7vns1elpO1dERvxpsZ5ik0oFfz0oGwFde1+g==",
            "cpu": [
                "x64"
            ],
            "dev": true,
            "license": "MIT OR Apache-2.0",
            "optional": true,
            "os": [
                "linux"
            ],
            "engines": {
                "node": ">=14.21.3"
            }
        },
        "node_modules/@biomejs/cli-linux-x64-musl": {
            "version": "2.4.15",
            "resolved": "https://registry.npmjs.org/@biomejs/cli-linux-x64-musl/-/cli-linux-x64-musl-2.4.15.tgz",
            "integrity": "sha512-CNq/9W38SYSH023lfcQ4KKU8K0YX8T//FZUhcgtMMRABDojx5XsMV7jlweAvGSl389wJQB29Qo6Zb/a+jdvt+w==",
            "cpu": [
                "x64"
            ],
            "dev": true,
            "license": "MIT OR Apache-2.0",
            "optional": true,
            "os": [
                "linux"
            ],
            "engines": {
                "node": ">=14.21.3"
            }
        },
        "node_modules/@biomejs/cli-win32-arm64": {
            "version": "2.4.15",
            "resolved": "https://registry.npmjs.org/@biomejs/cli-win32-arm64/-/cli-win32-arm64-2.4.15.tgz",
            "integrity": "sha512-ouhkYdlhp/1GghEJPdWwD/Vi3gQ1nFxuSpMolWsbq3Lsq3QUR4jl6UdhhscdCugKU5vOEuMiJhvKj66O0OCq+w==",
            "cpu": [
                "arm64"
            ],
            "dev": true,
            "license": "MIT OR Apache-2.0",
            "optional": true,
            "os": [
                "win32"
            ],
            "engines": {
                "node": ">=14.21.3"
            }
        },
        "node_modules/@biomejs/cli-win32-x64": {
            "version": "2.4.15",
            "resolved": "https://registry.npmjs.org/@biomejs/cli-win32-x64/-/cli-win32-x64-2.4.15.tgz",
            "integrity": "sha512-zBrGq5mx5wwpnow4+2BxUvleDM+GNd4sLbPaMapsSLQLD0NGRCquqPBTgN+7XkUteHvj7M+BstuI8tmnV7+HgQ==",
            "cpu": [
                "x64"
            ],
            "dev": true,
            "license": "MIT OR Apache-2.0",
            "optional": true,
            "os": [
                "win32"
            ],
            "engines": {
                "node": ">=14.21.3"
            }
        },
        "node_modules/@loaders.gl/core": {
            "version": "4.4.2",
            "resolved": "https://registry.npmjs.org/@loaders.gl/core/-/core-4.4.2.tgz",
            "integrity": "sha512-DZmsTwxdKh3q+mS1vSOW2EXFgwxZ4nIBte4H5g6e4VyQoQ6jAOkk0M6V+Asgy/eqjGTNjhfBA1HIkyBl0A9hcA==",
            "license": "MIT",
            "dependencies": {
                "@loaders.gl/loader-utils": "4.4.2",
                "@loaders.gl/schema": "4.4.2",
                "@loaders.gl/schema-utils": "4.4.2",
                "@loaders.gl/worker-utils": "4.4.2",
                "@probe.gl/log": "^4.1.1"
            }
        },
        "node_modules/@loaders.gl/draco": {
            "version": "4.4.2",
            "resolved": "https://registry.npmjs.org/@loaders.gl/draco/-/draco-4.4.2.tgz",
            "integrity": "sha512-UByWIt/yhxMFBIlyoqJYaj0rnTz/wwDWbI4CVQc/MzbLZW7NtUkDyYDcjbjE2SBWpu6Ef4ryojGd/NWIA3Yknw==",
            "license": "MIT",
            "dependencies": {
                "@loaders.gl/loader-utils": "4.4.2",
                "@loaders.gl/schema": "4.4.2",
                "@loaders.gl/schema-utils": "4.4.2",
                "@loaders.gl/worker-utils": "4.4.2",
                "draco3d": "1.5.7"
            },
            "peerDependencies": {
                "@loaders.gl/core": "~4.4.0"
            }
        },
        "node_modules/@loaders.gl/gltf": {
            "version": "4.4.2",
            "resolved": "https://registry.npmjs.org/@loaders.gl/gltf/-/gltf-4.4.2.tgz",
            "integrity": "sha512-aBvI7P/1GxePdHIvuyTM4A8yt3F5ph4dq0mkyJHmEjBl1Cwh3mDZJI1JSlZAFVilTZ6NxJZOiHUYWe1pBloVvw==",
            "license": "MIT",
            "dependencies": {
                "@loaders.gl/draco": "4.4.2",
                "@loaders.gl/images": "4.4.2",
                "@loaders.gl/loader-utils": "4.4.2",
                "@loaders.gl/schema": "4.4.2",
                "@loaders.gl/textures": "4.4.2",
                "@math.gl/core": "^4.1.0"
            },
            "peerDependencies": {
                "@loaders.gl/core": "~4.4.0"
            }
        },
        "node_modules/@loaders.gl/images": {
            "version": "4.4.2",
            "resolved": "https://registry.npmjs.org/@loaders.gl/images/-/images-4.4.2.tgz",
            "integrity": "sha512-b+1keNvPlyLniWtX4ZaThz2dF2aohi8Q+OEsDF2hJNZYyZJOqP9b/72UhlVk+inxTJfTLRBNARs2TJ2ssBlelg==",
            "license": "MIT",
            "dependencies": {
                "@loaders.gl/loader-utils": "4.4.2"
            },
            "peerDependencies": {
                "@loaders.gl/core": "~4.4.0"
            }
        },
        "node_modules/@loaders.gl/loader-utils": {
            "version": "4.4.2",
            "resolved": "https://registry.npmjs.org/@loaders.gl/loader-utils/-/loader-utils-4.4.2.tgz",
            "integrity": "sha512-kqwBbyRC7rrQVsnJyKeoaig9hxaa5oj91OKqWm27HPuVn4q2dD67SEhiG0ND62eRp0tLY6jTqEcI5kDzHBZ6MA==",
            "license": "MIT",
            "dependencies": {
                "@loaders.gl/schema": "4.4.2",
                "@loaders.gl/worker-utils": "4.4.2",
                "@probe.gl/log": "^4.1.1",
                "@probe.gl/stats": "^4.1.1"
            }
        },
        "node_modules/@loaders.gl/schema": {
            "version": "4.4.2",
            "resolved": "https://registry.npmjs.org/@loaders.gl/schema/-/schema-4.4.2.tgz",
            "integrity": "sha512-mJTZehTHIFl8ed+03nebuPAMnLP8Yp00DKTzCnKT2HNy/uV4+Sw+GrGIuhPHGU8tdQmtBXRURGM2ZxUAxMfGKg==",
            "license": "MIT",
            "dependencies": {
                "@types/geojson": "^7946.0.7",
                "apache-arrow": ">= 17.0.0"
            }
        },
        "node_modules/@loaders.gl/schema-utils": {
            "version": "4.4.2",
            "resolved": "https://registry.npmjs.org/@loaders.gl/schema-utils/-/schema-utils-4.4.2.tgz",
            "integrity": "sha512-yYYRD/POBEO72rhIyLASrqKUUhfIOQuFk/fgInN6Td2qvFgsHbo5UaCM4sTqVUWwNxNvXDQi8ezpbnCa/yi+OQ==",
            "license": "MIT",
            "dependencies": {
                "@loaders.gl/schema": "4.4.2",
                "@types/geojson": "^7946.0.7",
                "apache-arrow": ">= 17.0.0"
            },
            "peerDependencies": {
                "@loaders.gl/core": "~4.4.0"
            }
        },
        "node_modules/@loaders.gl/textures": {
            "version": "4.4.2",
            "resolved": "https://registry.npmjs.org/@loaders.gl/textures/-/textures-4.4.2.tgz",
            "integrity": "sha512-+GKcHEE0GjpuSJ6qbuRsB0CaOSUhJ1epUvhMP5GVK7I6+bwSvG8nqmRRGXFQNmYsbFANwG+wjwKf16wqJwP6vg==",
            "license": "MIT",
            "dependencies": {
                "@loaders.gl/images": "4.4.2",
                "@loaders.gl/loader-utils": "4.4.2",
                "@loaders.gl/schema": "4.4.2",
                "@loaders.gl/worker-utils": "4.4.2",
                "@math.gl/types": "^4.1.0",
                "ktx-parse": "^0.7.0",
                "texture-compressor": "^1.0.2"
            },
            "peerDependencies": {
                "@loaders.gl/core": "~4.4.0"
            }
        },
        "node_modules/@loaders.gl/worker-utils": {
            "version": "4.4.2",
            "resolved": "https://registry.npmjs.org/@loaders.gl/worker-utils/-/worker-utils-4.4.2.tgz",
            "integrity": "sha512-oiZ0SoC1QKrOkhYPlVZ6Q06CtmuFRyZw2rwzmT08ZyaGtOArIJHDjlhxzwWiv+6fdws47Ub5uIGsdI1Ab1xYsA==",
            "license": "MIT",
            "peerDependencies": {
                "@loaders.gl/core": "~4.4.0"
            }
        },
        "node_modules/@math.gl/core": {
            "version": "4.1.0",
            "resolved": "https://registry.npmjs.org/@math.gl/core/-/core-4.1.0.tgz",
            "integrity": "sha512-FrdHBCVG3QdrworwrUSzXIaK+/9OCRLscxI2OUy6sLOHyHgBMyfnEGs99/m3KNvs+95BsnQLWklVfpKfQzfwKA==",
            "license": "MIT",
            "dependencies": {
                "@math.gl/types": "4.1.0"
            }
        },
        "node_modules/@math.gl/types": {
            "version": "4.1.0",
            "resolved": "https://registry.npmjs.org/@math.gl/types/-/types-4.1.0.tgz",
            "integrity": "sha512-clYZdHcmRvMzVK5fjeDkQlHUzXQSNdZ7s4xOqC3nJPgz4C/TZkUecTo9YS4PruZqtDda/ag4erndP0MIn40dGA==",
            "license": "MIT"
        },
        "node_modules/@probe.gl/env": {
            "version": "4.1.1",
            "resolved": "https://registry.npmjs.org/@probe.gl/env/-/env-4.1.1.tgz",
            "integrity": "sha512-+68seNDMVsEegRB47pFA/Ws1Fjy8agcFYXxzorKToyPcD6zd+gZ5uhwoLd7TzsSw6Ydns//2KEszWn+EnNHTbA==",
            "license": "MIT"
        },
        "node_modules/@probe.gl/log": {
            "version": "4.1.1",
            "resolved": "https://registry.npmjs.org/@probe.gl/log/-/log-4.1.1.tgz",
            "integrity": "sha512-kcZs9BT44pL7hS1OkRGKYRXI/SN9KejUlPD+BY40DguRLzdC5tLG/28WGMyfKdn/51GT4a0p+0P8xvDn1Ez+Kg==",
            "license": "MIT",
            "dependencies": {
                "@probe.gl/env": "4.1.1"
            }
        },
        "node_modules/@probe.gl/stats": {
            "version": "4.1.1",
            "resolved": "https://registry.npmjs.org/@probe.gl/stats/-/stats-4.1.1.tgz",
            "integrity": "sha512-4VpAyMHOqydSvPlEyHwXaE+AkIdR03nX+Qhlxsk2D/IW4OVmDZgIsvJB1cDzyEEtcfKcnaEbfXeiPgejBceT6g==",
            "license": "MIT"
        },
        "node_modules/@swc/helpers": {
            "version": "0.5.23",
            "resolved": "https://registry.npmjs.org/@swc/helpers/-/helpers-0.5.23.tgz",
            "integrity": "sha512-5lSsMOTXURePglDfvuAQUqkGek9Hg2kksOYay2m0+XR++b2NWYL/4sWyuvVBIs8oKnJaxkdi9whaL/sqN13afw==",
            "license": "Apache-2.0",
            "dependencies": {
                "tslib": "^2.8.0"
            }
        },
        "node_modules/@tolokoban/tgd": {
            "version": "2.0.141",
            "resolved": "https://registry.npmjs.org/@tolokoban/tgd/-/tgd-2.0.141.tgz",
            "integrity": "sha512-M1k2leWnvfZ7hQWxxy2Qz9bHCvOhXy4bnmCuFPyOGoLCYZnQxOUJRcCmsuIQHw18W5vgoDDfTpR+QfCvf8OQVQ==",
            "license": "GPL-3.0",
            "dependencies": {
                "@loaders.gl/core": "^4.3.4",
                "@loaders.gl/draco": "^4.3.4",
                "@loaders.gl/gltf": "^4.3.4",
                "gl-matrix": "^3.4.4"
            }
        },
        "node_modules/@types/command-line-args": {
            "version": "5.2.3",
            "resolved": "https://registry.npmjs.org/@types/command-line-args/-/command-line-args-5.2.3.tgz",
            "integrity": "sha512-uv0aG6R0Y8WHZLTamZwtfsDLVRnOa+n+n5rEvFWL5Na5gZ8V2Teab/duDPFzIIIhs9qizDpcavCusCLJZu62Kw==",
            "license": "MIT"
        },
        "node_modules/@types/command-line-usage": {
            "version": "5.0.4",
            "resolved": "https://registry.npmjs.org/@types/command-line-usage/-/command-line-usage-5.0.4.tgz",
            "integrity": "sha512-BwR5KP3Es/CSht0xqBcUXS3qCAUVXwpRKsV2+arxeb65atasuXG9LykC9Ab10Cw3s2raH92ZqOeILaQbsB2ACg==",
            "license": "MIT"
        },
        "node_modules/@types/geojson": {
            "version": "7946.0.16",
            "resolved": "https://registry.npmjs.org/@types/geojson/-/geojson-7946.0.16.tgz",
            "integrity": "sha512-6C8nqWur3j98U6+lXDfTUWIfgvZU+EumvpHKcYjujKH7woYyLj2sUmff0tRhrqM7BohUw7Pz3ZB1jj2gW9Fvmg==",
            "license": "MIT"
        },
        "node_modules/@types/node": {
            "version": "24.12.4",
            "resolved": "https://registry.npmjs.org/@types/node/-/node-24.12.4.tgz",
            "integrity": "sha512-GUUEShf+PBCGW2KaXwcIt3Yk+e3pkKwWKb9GSyM9WQVE+ep2jzmHdGsHzu4wgcZy5fN9FBdVzjpBQsYlpfpgLA==",
            "license": "MIT",
            "dependencies": {
                "undici-types": "~7.16.0"
            }
        },
        "node_modules/ansi-styles": {
            "version": "4.3.0",
            "resolved": "https://registry.npmjs.org/ansi-styles/-/ansi-styles-4.3.0.tgz",
            "integrity": "sha512-zbB9rCJAT1rbjiVDb2hqKFHNYLxgtk8NURxZ3IZwD3F6NtxbXZQCnnSi1Lkx+IDohdPlFp222wVALIheZJQSEg==",
            "license": "MIT",
            "dependencies": {
                "color-convert": "^2.0.1"
            },
            "engines": {
                "node": ">=8"
            },
            "funding": {
                "url": "https://github.com/chalk/ansi-styles?sponsor=1"
            }
        },
        "node_modules/apache-arrow": {
            "version": "21.1.0",
            "resolved": "https://registry.npmjs.org/apache-arrow/-/apache-arrow-21.1.0.tgz",
            "integrity": "sha512-kQrYLxhC+NTVVZ4CCzGF6L/uPVOzJmD1T3XgbiUnP7oTeVFOFgEUu6IKNwCDkpFoBVqDKQivlX4RUFqqnWFlEA==",
            "license": "Apache-2.0",
            "dependencies": {
                "@swc/helpers": "^0.5.11",
                "@types/command-line-args": "^5.2.3",
                "@types/command-line-usage": "^5.0.4",
                "@types/node": "^24.0.3",
                "command-line-args": "^6.0.1",
                "command-line-usage": "^7.0.1",
                "flatbuffers": "^25.1.24",
                "json-bignum": "^0.0.3",
                "tslib": "^2.6.2"
            },
            "bin": {
                "arrow2csv": "bin/arrow2csv.js"
            }
        },
        "node_modules/argparse": {
            "version": "1.0.10",
            "resolved": "https://registry.npmjs.org/argparse/-/argparse-1.0.10.tgz",
            "integrity": "sha512-o5Roy6tNG4SL/FOkCAN6RzjiakZS25RLYFrcMttJqbdd8BWrnA+fGz57iN5Pb06pvBGvl5gQ0B48dJlslXvoTg==",
            "license": "MIT",
            "dependencies": {
                "sprintf-js": "~1.0.2"
            }
        },
        "node_modules/array-back": {
            "version": "6.2.3",
            "resolved": "https://registry.npmjs.org/array-back/-/array-back-6.2.3.tgz",
            "integrity": "sha512-SGDvmg6QTYiTxCBkYVmThcoa67uLl35pyzRHdpCGBOcqFy6BtwnphoFPk7LhJshD+Yk1Kt35WGWeZPTgwR4Fhw==",
            "license": "MIT",
            "engines": {
                "node": ">=12.17"
            }
        },
        "node_modules/chalk": {
            "version": "4.1.2",
            "resolved": "https://registry.npmjs.org/chalk/-/chalk-4.1.2.tgz",
            "integrity": "sha512-oKnbhFyRIXpUuez8iBMmyEa4nbj4IOQyuhc/wy9kY7/WVPcwIO9VA668Pu8RkO7+0G76SLROeyw9CpQ061i4mA==",
            "license": "MIT",
            "dependencies": {
                "ansi-styles": "^4.1.0",
                "supports-color": "^7.1.0"
            },
            "engines": {
                "node": ">=10"
            },
            "funding": {
                "url": "https://github.com/chalk/chalk?sponsor=1"
            }
        },
        "node_modules/chalk-template": {
            "version": "0.4.0",
            "resolved": "https://registry.npmjs.org/chalk-template/-/chalk-template-0.4.0.tgz",
            "integrity": "sha512-/ghrgmhfY8RaSdeo43hNXxpoHAtxdbskUHjPpfqUWGttFgycUhYPGx3YZBCnUCvOa7Doivn1IZec3DEGFoMgLg==",
            "license": "MIT",
            "dependencies": {
                "chalk": "^4.1.2"
            },
            "engines": {
                "node": ">=12"
            },
            "funding": {
                "url": "https://github.com/chalk/chalk-template?sponsor=1"
            }
        },
        "node_modules/color-convert": {
            "version": "2.0.1",
            "resolved": "https://registry.npmjs.org/color-convert/-/color-convert-2.0.1.tgz",
            "integrity": "sha512-RRECPsj7iu/xb5oKYcsFHSppFNnsj/52OVTRKb4zP5onXwVF3zVmmToNcOfGC+CRDpfK/U584fMg38ZHCaElKQ==",
            "license": "MIT",
            "dependencies": {
                "color-name": "~1.1.4"
            },
            "engines": {
                "node": ">=7.0.0"
            }
        },
        "node_modules/color-name": {
            "version": "1.1.4",
            "resolved": "https://registry.npmjs.org/color-name/-/color-name-1.1.4.tgz",
            "integrity": "sha512-dOy+3AuW3a2wNbZHIuMZpTcgjGuLU/uBL/ubcZF9OXbDo8ff4O8yVp5Bf0efS8uEoYo5q4Fx7dY9OgQGXgAsQA==",
            "license": "MIT"
        },
        "node_modules/command-line-args": {
            "version": "6.0.2",
            "resolved": "https://registry.npmjs.org/command-line-args/-/command-line-args-6.0.2.tgz",
            "integrity": "sha512-AIjYVxrV9X752LmPDLbVYv8aMCuHPSLZJXEo2qo/xJfv+NYhaZ4sMSF01rM+gHPaMgvPM0l5D/F+Qx+i2WfSmQ==",
            "license": "MIT",
            "dependencies": {
                "array-back": "^6.2.3",
                "find-replace": "^5.0.2",
                "lodash.camelcase": "^4.3.0",
                "typical": "^7.3.0"
            },
            "engines": {
                "node": ">=12.20"
            },
            "peerDependencies": {
                "@75lb/nature": "latest"
            },
            "peerDependenciesMeta": {
                "@75lb/nature": {
                    "optional": true
                }
            }
        },
        "node_modules/command-line-usage": {
            "version": "7.0.4",
            "resolved": "https://registry.npmjs.org/command-line-usage/-/command-line-usage-7.0.4.tgz",
            "integrity": "sha512-85UdvzTNx/+s5CkSgBm/0hzP80RFHAa7PsfeADE5ezZF3uHz3/Tqj9gIKGT9PTtpycc3Ua64T0oVulGfKxzfqg==",
            "license": "MIT",
            "dependencies": {
                "array-back": "^6.2.2",
                "chalk-template": "^0.4.0",
                "table-layout": "^4.1.1",
                "typical": "^7.3.0"
            },
            "engines": {
                "node": ">=12.20.0"
            }
        },
        "node_modules/draco3d": {
            "version": "1.5.7",
            "resolved": "https://registry.npmjs.org/draco3d/-/draco3d-1.5.7.tgz",
            "integrity": "sha512-m6WCKt/erDXcw+70IJXnG7M3awwQPAsZvJGX5zY7beBqpELw6RDGkYVU0W43AFxye4pDZ5i2Lbyc/NNGqwjUVQ==",
            "license": "Apache-2.0"
        },
        "node_modules/fflate": {
            "version": "0.8.2",
            "resolved": "https://registry.npmjs.org/fflate/-/fflate-0.8.2.tgz",
            "integrity": "sha512-cPJU47OaAoCbg0pBvzsgpTPhmhqI5eJjh/JIu8tPj5q+T7iLvW/JAYUqmE7KOB4R1ZyEhzBaIQpQpardBF5z8A==",
            "license": "MIT"
        },
        "node_modules/find-replace": {
            "version": "5.0.2",
            "resolved": "https://registry.npmjs.org/find-replace/-/find-replace-5.0.2.tgz",
            "integrity": "sha512-Y45BAiE3mz2QsrN2fb5QEtO4qb44NcS7en/0y9PEVsg351HsLeVclP8QPMH79Le9sH3rs5RSwJu99W0WPZO43Q==",
            "license": "MIT",
            "engines": {
                "node": ">=14"
            },
            "peerDependencies": {
                "@75lb/nature": "latest"
            },
            "peerDependenciesMeta": {
                "@75lb/nature": {
                    "optional": true
                }
            }
        },
        "node_modules/flatbuffers": {
            "version": "25.9.23",
            "resolved": "https://registry.npmjs.org/flatbuffers/-/flatbuffers-25.9.23.tgz",
            "integrity": "sha512-MI1qs7Lo4Syw0EOzUl0xjs2lsoeqFku44KpngfIduHBYvzm8h2+7K8YMQh1JtVVVrUvhLpNwqVi4DERegUJhPQ==",
            "license": "Apache-2.0"
        },
        "node_modules/gl-matrix": {
            "version": "3.4.4",
            "resolved": "https://registry.npmjs.org/gl-matrix/-/gl-matrix-3.4.4.tgz",
            "integrity": "sha512-latSnyDNt/8zYUB6VIJ6PCh2jBjJX6gnDsoCZ7LyW7GkqrD51EWwa9qCoGixj8YqBtETQK/xY7OmpTF8xz1DdQ==",
            "license": "MIT"
        },
        "node_modules/has-flag": {
            "version": "4.0.0",
            "resolved": "https://registry.npmjs.org/has-flag/-/has-flag-4.0.0.tgz",
            "integrity": "sha512-EykJT/Q1KjTWctppgIAgfSO0tKVuZUjhgMr17kqTumMl6Afv3EISleU7qZUzoXDFTAHTDC4NOoG/ZxU3EvlMPQ==",
            "license": "MIT",
            "engines": {
                "node": ">=8"
            }
        },
        "node_modules/image-size": {
            "version": "0.7.5",
            "resolved": "https://registry.npmjs.org/image-size/-/image-size-0.7.5.tgz",
            "integrity": "sha512-Hiyv+mXHfFEP7LzUL/llg9RwFxxY+o9N3JVLIeG5E7iFIFAalxvRU9UZthBdYDEVnzHMgjnKJPPpay5BWf1g9g==",
            "license": "MIT",
            "bin": {
                "image-size": "bin/image-size.js"
            },
            "engines": {
                "node": ">=6.9.0"
            }
        },
        "node_modules/json-bignum": {
            "version": "0.0.3",
            "resolved": "https://registry.npmjs.org/json-bignum/-/json-bignum-0.0.3.tgz",
            "integrity": "sha512-2WHyXj3OfHSgNyuzDbSxI1w2jgw5gkWSWhS7Qg4bWXx1nLk3jnbwfUeS0PSba3IzpTUWdHxBieELUzXRjQB2zg==",
            "engines": {
                "node": ">=0.8"
            }
        },
        "node_modules/ktx-parse": {
            "version": "0.7.1",
            "resolved": "https://registry.npmjs.org/ktx-parse/-/ktx-parse-0.7.1.tgz",
            "integrity": "sha512-FeA3g56ksdFNwjXJJsc1CCc7co+AJYDp6ipIp878zZ2bU8kWROatLYf39TQEd4/XRSUvBXovQ8gaVKWPXsCLEQ==",
            "license": "MIT"
        },
        "node_modules/lodash.camelcase": {
            "version": "4.3.0",
            "resolved": "https://registry.npmjs.org/lodash.camelcase/-/lodash.camelcase-4.3.0.tgz",
            "integrity": "sha512-TwuEnCnxbc3rAvhf/LbG7tJUDzhqXyFnv3dtzLOPgCG/hODL7WFnsbwktkD7yUV0RrreP/l1PALq/YSg6VvjlA==",
            "license": "MIT"
        },
        "node_modules/react": {
            "version": "19.2.5",
            "resolved": "https://registry.npmjs.org/react/-/react-19.2.5.tgz",
            "integrity": "sha512-llUJLzz1zTUBrskt2pwZgLq59AemifIftw4aB7JxOqf1HY2FDaGDxgwpAPVzHU1kdWabH7FauP4i1oEeer2WCA==",
            "license": "MIT",
            "peer": true,
            "engines": {
                "node": ">=0.10.0"
            }
        },
        "node_modules/sprintf-js": {
            "version": "1.0.3",
            "resolved": "https://registry.npmjs.org/sprintf-js/-/sprintf-js-1.0.3.tgz",
            "integrity": "sha512-D9cPgkvLlV3t3IzL0D0YLvGA9Ahk4PcvVwUbN0dSGr1aP0Nrt4AEnTUbuGvquEC0mA64Gqt1fzirlRs5ibXx8g==",
            "license": "BSD-3-Clause"
        },
        "node_modules/supports-color": {
            "version": "7.2.0",
            "resolved": "https://registry.npmjs.org/supports-color/-/supports-color-7.2.0.tgz",
            "integrity": "sha512-qpCAvRl9stuOHveKsn7HncJRvv501qIacKzQlO/+Lwxc9+0q2wLyv4Dfvt80/DPn2pqOBsJdDiogXGR9+OvwRw==",
            "license": "MIT",
            "dependencies": {
                "has-flag": "^4.0.0"
            },
            "engines": {
                "node": ">=8"
            }
        },
        "node_modules/table-layout": {
            "version": "4.1.1",
            "resolved": "https://registry.npmjs.org/table-layout/-/table-layout-4.1.1.tgz",
            "integrity": "sha512-iK5/YhZxq5GO5z8wb0bY1317uDF3Zjpha0QFFLA8/trAoiLbQD0HUbMesEaxyzUgDxi2QlcbM8IvqOlEjgoXBA==",
            "license": "MIT",
            "dependencies": {
                "array-back": "^6.2.2",
                "wordwrapjs": "^5.1.0"
            },
            "engines": {
                "node": ">=12.17"
            }
        },
        "node_modules/texture-compressor": {
            "version": "1.0.2",
            "resolved": "https://registry.npmjs.org/texture-compressor/-/texture-compressor-1.0.2.tgz",
            "integrity": "sha512-dStVgoaQ11mA5htJ+RzZ51ZxIZqNOgWKAIvtjLrW1AliQQLCmrDqNzQZ8Jh91YealQ95DXt4MEduLzJmbs6lig==",
            "license": "MIT",
            "dependencies": {
                "argparse": "^1.0.10",
                "image-size": "^0.7.4"
            },
            "bin": {
                "texture-compressor": "bin/texture-compressor.js"
            }
        },
        "node_modules/tslib": {
            "version": "2.8.1",
            "resolved": "https://registry.npmjs.org/tslib/-/tslib-2.8.1.tgz",
            "integrity": "sha512-oJFu94HQb+KVduSUQL7wnpmqnfmLsOA/nAh6b6EH0wCEoK0/mPeXU6c3wKDV83MkOuHPRHtSXKKU99IBazS/2w==",
            "license": "0BSD"
        },
        "node_modules/typescript": {
            "version": "6.0.3",
            "resolved": "https://registry.npmjs.org/typescript/-/typescript-6.0.3.tgz",
            "integrity": "sha512-y2TvuxSZPDyQakkFRPZHKFm+KKVqIisdg9/CZwm9ftvKXLP8NRWj38/ODjNbr43SsoXqNuAisEf1GdCxqWcdBw==",
            "dev": true,
            "license": "Apache-2.0",
            "bin": {
                "tsc": "bin/tsc",
                "tsserver": "bin/tsserver"
            },
            "engines": {
                "node": ">=14.17"
            }
        },
        "node_modules/typical": {
            "version": "7.3.0",
            "resolved": "https://registry.npmjs.org/typical/-/typical-7.3.0.tgz",
            "integrity": "sha512-ya4mg/30vm+DOWfBg4YK3j2WD6TWtRkCbasOJr40CseYENzCUby/7rIvXA99JGsQHeNxLbnXdyLLxKSv3tauFw==",
            "license": "MIT",
            "engines": {
                "node": ">=12.17"
            }
        },
        "node_modules/undici-types": {
            "version": "7.16.0",
            "resolved": "https://registry.npmjs.org/undici-types/-/undici-types-7.16.0.tgz",
            "integrity": "sha512-Zz+aZWSj8LE6zoxD+xrjh4VfkIG8Ya6LvYkZqtUQGJPZjYl53ypCaUwWqo7eI0x66KBGeRo+mlBEkMSeSZ38Nw==",
            "license": "MIT"
        },
        "node_modules/wordwrapjs": {
            "version": "5.1.1",
            "resolved": "https://registry.npmjs.org/wordwrapjs/-/wordwrapjs-5.1.1.tgz",
            "integrity": "sha512-0yweIbkINJodk27gX9LBGMzyQdBDan3s/dEAiwBOj+Mf0PPyWL6/rikalkv8EeD0E8jm4o5RXEOrFTP3NXbhJg==",
            "license": "MIT",
            "engines": {
                "node": ">=12.17"
            }
        }
    }
}
