lockfileVersion: '9.0'

settings:
  autoInstallPeers: true
  excludeLinksFromLockfile: false

importers:

  .:
    dependencies:
      '@tolokoban/tgd':
        specifier: ^2.0.147
        version: 2.3.0
      fflate:
        specifier: ^0.8.2
        version: 0.8.2
      react:
        specifier: ^19.2.4
        version: 19.2.5
      tslib:
        specifier: ^2.8.1
        version: 2.8.1
    devDependencies:
      '@biomejs/biome':
        specifier: ^2.4.15
        version: 2.4.16
      typescript:
        specifier: ^5.9.3
        version: 5.9.3

packages:

  '@biomejs/biome@2.4.16':
    resolution: {integrity: sha512-x9ajFh1zChVybCiM3TN6OD4phAqLgtPZjFrZF+aTMYCPjwBO+k529TX7PPsAqtGNLeV4UgzwQnowEgS7bGmzcA==}
    engines: {node: '>=14.21.3'}
    hasBin: true

  '@biomejs/cli-darwin-arm64@2.4.16':
    resolution: {integrity: sha512-wxPvu4XOA85YJk9ixSWUmq/QBHbid85BISbOAqqBM/5xQpPk9ayjk5375tOlSC0BeCwNSbPFafQBm+vBumXq0A==}
    engines: {node: '>=14.21.3'}
    cpu: [arm64]
    os: [darwin]

  '@biomejs/cli-darwin-x64@2.4.16':
    resolution: {integrity: sha512-xFCqGPwYusQJp4N4NJLi1XJiZqjwFdjhT+KqtNy+Ug3qgfczqnTa6MSDvxJF6TkuDLoYJItMapz6tAf7kCekFw==}
    engines: {node: '>=14.21.3'}
    cpu: [x64]
    os: [darwin]

  '@biomejs/cli-linux-arm64-musl@2.4.16':
    resolution: {integrity: sha512-oYxnW0ARfJkr72ezzF2OR8N/rtkgLUQeYtF8cFhVswbknHxtTcmzSsanVJP8yQKnGpGpc2ck6c5zLvHahL6Cbg==}
    engines: {node: '>=14.21.3'}
    cpu: [arm64]
    os: [linux]
    libc: [musl]

  '@biomejs/cli-linux-arm64@2.4.16':
    resolution: {integrity: sha512-2kFb4//jxfZaP6D+Rj5VkHkxgyD9EoRAVBEQb8PKRv+s4NO2zYNJKXFaJmK1CmhufJOWEfpHKaRbOja7qjmdhQ==}
    engines: {node: '>=14.21.3'}
    cpu: [arm64]
    os: [linux]
    libc: [glibc]

  '@biomejs/cli-linux-x64-musl@2.4.16':
    resolution: {integrity: sha512-iHDS+MCM65DPqWGu+ECC3uoALyj2H7F4nVUPxIPjz/PIl94EUu+EDfGZDzFP+NY1EOPVt9NQvwFqq7HdMmowdg==}
    engines: {node: '>=14.21.3'}
    cpu: [x64]
    os: [linux]
    libc: [musl]

  '@biomejs/cli-linux-x64@2.4.16':
    resolution: {integrity: sha512-NbcBbi/nJqn5baae6wqRXdS7Gadf2uRpehSh6vMSYpG8OhkXl/Xg8aorWrJ+9VWqAT5ml90alLvorkpMW0nBwQ==}
    engines: {node: '>=14.21.3'}
    cpu: [x64]
    os: [linux]
    libc: [glibc]

  '@biomejs/cli-win32-arm64@2.4.16':
    resolution: {integrity: sha512-0rgImMsNb5v/chhkIFe3wu7PEFClS6RBAYUijGL9UsYN3PanSaoK24HSSuSJb1pYbYYVjzAyZTl3gtjJ84BM8A==}
    engines: {node: '>=14.21.3'}
    cpu: [arm64]
    os: [win32]

  '@biomejs/cli-win32-x64@2.4.16':
    resolution: {integrity: sha512-Kp85jgoBHa05gix6UIRjfCDiUV3w/8VIdZ247VyyO2gEjaw12WEVhdIjlxp/AMzXxqxQwbxNTDVZ3Mwd2RG5rw==}
    engines: {node: '>=14.21.3'}
    cpu: [x64]
    os: [win32]

  '@loaders.gl/core@4.4.1':
    resolution: {integrity: sha512-/s4IuvCCQUepvhjLnmePwQppGko2d1pxRS+sp7lyExU0uiqo5dVsAKaCZ2VnddBkFWgDVb/wvcZUBmv/dWcj0Q==}

  '@loaders.gl/draco@4.4.1':
    resolution: {integrity: sha512-EcapVlkP8Pz53VKg9pYRQUzqm9jH+A+7vGE1kV8nkv63lN8/qtFzBSWMiC6IX1CwxjKJDEINU9Sh8YB1AfMwbQ==}
    peerDependencies:
      '@loaders.gl/core': ~4.4.0

  '@loaders.gl/gltf@4.4.1':
    resolution: {integrity: sha512-9ESHEm3YoMgsQh8QS1N99uwA+cij6p6xhCmZnHX4rQnqHm0jvE5RAHlGV1D/Xjvr4PR8IiXaBn/QDl/qdGIxkw==}
    peerDependencies:
      '@loaders.gl/core': ~4.4.0

  '@loaders.gl/images@4.4.1':
    resolution: {integrity: sha512-v9A4BliEKGxhLuEbh0Ke8ElUlp04KxpKIknUtXXWoEaszAMTSrHI3YhaL/JdRlHraC1VUF/sjzbSBFkKh7nxJg==}
    peerDependencies:
      '@loaders.gl/core': ~4.4.0

  '@loaders.gl/loader-utils@4.4.1':
    resolution: {integrity: sha512-waosL7VtVRfXsNOXtAM3rOjZyNQD0lQBlhuB5/oY+E+lNzYNFlzgiGXiDOwBpcs7dK7kW2Vv8+KcxyIGIyXOtg==}

  '@loaders.gl/schema-utils@4.4.1':
    resolution: {integrity: sha512-4upip2O6MFaWzk68/lnna7P2uRj9NQ8MIk/ff3CLbciP5/9lKl1qyuzObz5JrJRYzfGB6I81vpOn6FSVQ6m6KQ==}
    peerDependencies:
      '@loaders.gl/core': ~4.4.0

  '@loaders.gl/schema@4.4.1':
    resolution: {integrity: sha512-s7NjEnyK6jZvJJSWj/mHq+S9mHRHVzIYtFP+C7sMf1gVCQbdkt6OSAMUWRzwPr9+whQNVWjZ9pbLsI/IPW3zvw==}

  '@loaders.gl/textures@4.4.1':
    resolution: {integrity: sha512-r1//6sO29GOHso+IvXQ3GrvXZ4cl03VWc34XcnXPn3sAV7O96uRGd5xkyx60lMYAl7Jv7qK/smT3z4Mdxdd4aA==}
    peerDependencies:
      '@loaders.gl/core': ~4.4.0

  '@loaders.gl/worker-utils@4.4.1':
    resolution: {integrity: sha512-ovMyIyj9dlChuHuD64Bel7Mir2UYlmLqlZ9MMzVxzTTLvaudJoNAXi6Disp0ooxwF62ZqjNXXutaSbS6UDeuIg==}
    peerDependencies:
      '@loaders.gl/core': ~4.4.0

  '@math.gl/core@4.1.0':
    resolution: {integrity: sha512-FrdHBCVG3QdrworwrUSzXIaK+/9OCRLscxI2OUy6sLOHyHgBMyfnEGs99/m3KNvs+95BsnQLWklVfpKfQzfwKA==}

  '@math.gl/types@4.1.0':
    resolution: {integrity: sha512-clYZdHcmRvMzVK5fjeDkQlHUzXQSNdZ7s4xOqC3nJPgz4C/TZkUecTo9YS4PruZqtDda/ag4erndP0MIn40dGA==}

  '@probe.gl/env@4.1.1':
    resolution: {integrity: sha512-+68seNDMVsEegRB47pFA/Ws1Fjy8agcFYXxzorKToyPcD6zd+gZ5uhwoLd7TzsSw6Ydns//2KEszWn+EnNHTbA==}

  '@probe.gl/log@4.1.1':
    resolution: {integrity: sha512-kcZs9BT44pL7hS1OkRGKYRXI/SN9KejUlPD+BY40DguRLzdC5tLG/28WGMyfKdn/51GT4a0p+0P8xvDn1Ez+Kg==}

  '@probe.gl/stats@4.1.1':
    resolution: {integrity: sha512-4VpAyMHOqydSvPlEyHwXaE+AkIdR03nX+Qhlxsk2D/IW4OVmDZgIsvJB1cDzyEEtcfKcnaEbfXeiPgejBceT6g==}

  '@swc/helpers@0.5.21':
    resolution: {integrity: sha512-jI/VAmtdjB/RnI8GTnokyX7Ug8c+g+ffD6QRLa6XQewtnGyukKkKSk3wLTM3b5cjt1jNh9x0jfVlagdN2gDKQg==}

  '@tolokoban/tgd@2.3.0':
    resolution: {integrity: sha512-UqqbG0707QJmM+RKl3ndp8pmEPsGU1zpJO6ftsDkT4MTgH+yi1NJtM97yndj0+iXrH0ZFdez6tnyueHuVPY2zw==}

  '@types/command-line-args@5.2.3':
    resolution: {integrity: sha512-uv0aG6R0Y8WHZLTamZwtfsDLVRnOa+n+n5rEvFWL5Na5gZ8V2Teab/duDPFzIIIhs9qizDpcavCusCLJZu62Kw==}

  '@types/command-line-usage@5.0.4':
    resolution: {integrity: sha512-BwR5KP3Es/CSht0xqBcUXS3qCAUVXwpRKsV2+arxeb65atasuXG9LykC9Ab10Cw3s2raH92ZqOeILaQbsB2ACg==}

  '@types/geojson@7946.0.16':
    resolution: {integrity: sha512-6C8nqWur3j98U6+lXDfTUWIfgvZU+EumvpHKcYjujKH7woYyLj2sUmff0tRhrqM7BohUw7Pz3ZB1jj2gW9Fvmg==}

  '@types/node@24.12.2':
    resolution: {integrity: sha512-A1sre26ke7HDIuY/M23nd9gfB+nrmhtYyMINbjI1zHJxYteKR6qSMX56FsmjMcDb3SMcjJg5BiRRgOCC/yBD0g==}

  ansi-styles@4.3.0:
    resolution: {integrity: sha512-zbB9rCJAT1rbjiVDb2hqKFHNYLxgtk8NURxZ3IZwD3F6NtxbXZQCnnSi1Lkx+IDohdPlFp222wVALIheZJQSEg==}
    engines: {node: '>=8'}

  apache-arrow@21.1.0:
    resolution: {integrity: sha512-kQrYLxhC+NTVVZ4CCzGF6L/uPVOzJmD1T3XgbiUnP7oTeVFOFgEUu6IKNwCDkpFoBVqDKQivlX4RUFqqnWFlEA==}
    hasBin: true

  argparse@1.0.10:
    resolution: {integrity: sha512-o5Roy6tNG4SL/FOkCAN6RzjiakZS25RLYFrcMttJqbdd8BWrnA+fGz57iN5Pb06pvBGvl5gQ0B48dJlslXvoTg==}

  array-back@6.2.3:
    resolution: {integrity: sha512-SGDvmg6QTYiTxCBkYVmThcoa67uLl35pyzRHdpCGBOcqFy6BtwnphoFPk7LhJshD+Yk1Kt35WGWeZPTgwR4Fhw==}
    engines: {node: '>=12.17'}

  chalk-template@0.4.0:
    resolution: {integrity: sha512-/ghrgmhfY8RaSdeo43hNXxpoHAtxdbskUHjPpfqUWGttFgycUhYPGx3YZBCnUCvOa7Doivn1IZec3DEGFoMgLg==}
    engines: {node: '>=12'}

  chalk@4.1.2:
    resolution: {integrity: sha512-oKnbhFyRIXpUuez8iBMmyEa4nbj4IOQyuhc/wy9kY7/WVPcwIO9VA668Pu8RkO7+0G76SLROeyw9CpQ061i4mA==}
    engines: {node: '>=10'}

  color-convert@2.0.1:
    resolution: {integrity: sha512-RRECPsj7iu/xb5oKYcsFHSppFNnsj/52OVTRKb4zP5onXwVF3zVmmToNcOfGC+CRDpfK/U584fMg38ZHCaElKQ==}
    engines: {node: '>=7.0.0'}

  color-name@1.1.4:
    resolution: {integrity: sha512-dOy+3AuW3a2wNbZHIuMZpTcgjGuLU/uBL/ubcZF9OXbDo8ff4O8yVp5Bf0efS8uEoYo5q4Fx7dY9OgQGXgAsQA==}

  command-line-args@6.0.2:
    resolution: {integrity: sha512-AIjYVxrV9X752LmPDLbVYv8aMCuHPSLZJXEo2qo/xJfv+NYhaZ4sMSF01rM+gHPaMgvPM0l5D/F+Qx+i2WfSmQ==}
    engines: {node: '>=12.20'}
    peerDependencies:
      '@75lb/nature': latest
    peerDependenciesMeta:
      '@75lb/nature':
        optional: true

  command-line-usage@7.0.4:
    resolution: {integrity: sha512-85UdvzTNx/+s5CkSgBm/0hzP80RFHAa7PsfeADE5ezZF3uHz3/Tqj9gIKGT9PTtpycc3Ua64T0oVulGfKxzfqg==}
    engines: {node: '>=12.20.0'}

  draco3d@1.5.7:
    resolution: {integrity: sha512-m6WCKt/erDXcw+70IJXnG7M3awwQPAsZvJGX5zY7beBqpELw6RDGkYVU0W43AFxye4pDZ5i2Lbyc/NNGqwjUVQ==}

  fflate@0.8.2:
    resolution: {integrity: sha512-cPJU47OaAoCbg0pBvzsgpTPhmhqI5eJjh/JIu8tPj5q+T7iLvW/JAYUqmE7KOB4R1ZyEhzBaIQpQpardBF5z8A==}

  find-replace@5.0.2:
    resolution: {integrity: sha512-Y45BAiE3mz2QsrN2fb5QEtO4qb44NcS7en/0y9PEVsg351HsLeVclP8QPMH79Le9sH3rs5RSwJu99W0WPZO43Q==}
    engines: {node: '>=14'}
    peerDependencies:
      '@75lb/nature': latest
    peerDependenciesMeta:
      '@75lb/nature':
        optional: true

  flatbuffers@25.9.23:
    resolution: {integrity: sha512-MI1qs7Lo4Syw0EOzUl0xjs2lsoeqFku44KpngfIduHBYvzm8h2+7K8YMQh1JtVVVrUvhLpNwqVi4DERegUJhPQ==}

  gl-matrix@3.4.4:
    resolution: {integrity: sha512-latSnyDNt/8zYUB6VIJ6PCh2jBjJX6gnDsoCZ7LyW7GkqrD51EWwa9qCoGixj8YqBtETQK/xY7OmpTF8xz1DdQ==}

  has-flag@4.0.0:
    resolution: {integrity: sha512-EykJT/Q1KjTWctppgIAgfSO0tKVuZUjhgMr17kqTumMl6Afv3EISleU7qZUzoXDFTAHTDC4NOoG/ZxU3EvlMPQ==}
    engines: {node: '>=8'}

  image-size@0.7.5:
    resolution: {integrity: sha512-Hiyv+mXHfFEP7LzUL/llg9RwFxxY+o9N3JVLIeG5E7iFIFAalxvRU9UZthBdYDEVnzHMgjnKJPPpay5BWf1g9g==}
    engines: {node: '>=6.9.0'}
    hasBin: true

  json-bignum@0.0.3:
    resolution: {integrity: sha512-2WHyXj3OfHSgNyuzDbSxI1w2jgw5gkWSWhS7Qg4bWXx1nLk3jnbwfUeS0PSba3IzpTUWdHxBieELUzXRjQB2zg==}
    engines: {node: '>=0.8'}

  ktx-parse@0.7.1:
    resolution: {integrity: sha512-FeA3g56ksdFNwjXJJsc1CCc7co+AJYDp6ipIp878zZ2bU8kWROatLYf39TQEd4/XRSUvBXovQ8gaVKWPXsCLEQ==}

  lodash.camelcase@4.3.0:
    resolution: {integrity: sha512-TwuEnCnxbc3rAvhf/LbG7tJUDzhqXyFnv3dtzLOPgCG/hODL7WFnsbwktkD7yUV0RrreP/l1PALq/YSg6VvjlA==}

  react@19.2.5:
    resolution: {integrity: sha512-llUJLzz1zTUBrskt2pwZgLq59AemifIftw4aB7JxOqf1HY2FDaGDxgwpAPVzHU1kdWabH7FauP4i1oEeer2WCA==}
    engines: {node: '>=0.10.0'}

  sprintf-js@1.0.3:
    resolution: {integrity: sha512-D9cPgkvLlV3t3IzL0D0YLvGA9Ahk4PcvVwUbN0dSGr1aP0Nrt4AEnTUbuGvquEC0mA64Gqt1fzirlRs5ibXx8g==}

  supports-color@7.2.0:
    resolution: {integrity: sha512-qpCAvRl9stuOHveKsn7HncJRvv501qIacKzQlO/+Lwxc9+0q2wLyv4Dfvt80/DPn2pqOBsJdDiogXGR9+OvwRw==}
    engines: {node: '>=8'}

  table-layout@4.1.1:
    resolution: {integrity: sha512-iK5/YhZxq5GO5z8wb0bY1317uDF3Zjpha0QFFLA8/trAoiLbQD0HUbMesEaxyzUgDxi2QlcbM8IvqOlEjgoXBA==}
    engines: {node: '>=12.17'}

  texture-compressor@1.0.2:
    resolution: {integrity: sha512-dStVgoaQ11mA5htJ+RzZ51ZxIZqNOgWKAIvtjLrW1AliQQLCmrDqNzQZ8Jh91YealQ95DXt4MEduLzJmbs6lig==}
    hasBin: true

  tslib@2.8.1:
    resolution: {integrity: sha512-oJFu94HQb+KVduSUQL7wnpmqnfmLsOA/nAh6b6EH0wCEoK0/mPeXU6c3wKDV83MkOuHPRHtSXKKU99IBazS/2w==}

  typescript@5.9.3:
    resolution: {integrity: sha512-jl1vZzPDinLr9eUt3J/t7V6FgNEw9QjvBPdysz9KfQDD41fQrC2Y4vKQdiaUpFT4bXlb1RHhLpp8wtm6M5TgSw==}
    engines: {node: '>=14.17'}
    hasBin: true

  typical@7.3.0:
    resolution: {integrity: sha512-ya4mg/30vm+DOWfBg4YK3j2WD6TWtRkCbasOJr40CseYENzCUby/7rIvXA99JGsQHeNxLbnXdyLLxKSv3tauFw==}
    engines: {node: '>=12.17'}

  undici-types@7.16.0:
    resolution: {integrity: sha512-Zz+aZWSj8LE6zoxD+xrjh4VfkIG8Ya6LvYkZqtUQGJPZjYl53ypCaUwWqo7eI0x66KBGeRo+mlBEkMSeSZ38Nw==}

  wordwrapjs@5.1.1:
    resolution: {integrity: sha512-0yweIbkINJodk27gX9LBGMzyQdBDan3s/dEAiwBOj+Mf0PPyWL6/rikalkv8EeD0E8jm4o5RXEOrFTP3NXbhJg==}
    engines: {node: '>=12.17'}

snapshots:

  '@biomejs/biome@2.4.16':
    optionalDependencies:
      '@biomejs/cli-darwin-arm64': 2.4.16
      '@biomejs/cli-darwin-x64': 2.4.16
      '@biomejs/cli-linux-arm64': 2.4.16
      '@biomejs/cli-linux-arm64-musl': 2.4.16
      '@biomejs/cli-linux-x64': 2.4.16
      '@biomejs/cli-linux-x64-musl': 2.4.16
      '@biomejs/cli-win32-arm64': 2.4.16
      '@biomejs/cli-win32-x64': 2.4.16

  '@biomejs/cli-darwin-arm64@2.4.16':
    optional: true

  '@biomejs/cli-darwin-x64@2.4.16':
    optional: true

  '@biomejs/cli-linux-arm64-musl@2.4.16':
    optional: true

  '@biomejs/cli-linux-arm64@2.4.16':
    optional: true

  '@biomejs/cli-linux-x64-musl@2.4.16':
    optional: true

  '@biomejs/cli-linux-x64@2.4.16':
    optional: true

  '@biomejs/cli-win32-arm64@2.4.16':
    optional: true

  '@biomejs/cli-win32-x64@2.4.16':
    optional: true

  '@loaders.gl/core@4.4.1':
    dependencies:
      '@loaders.gl/loader-utils': 4.4.1(@loaders.gl/core@4.4.1)
      '@loaders.gl/schema': 4.4.1
      '@loaders.gl/schema-utils': 4.4.1(@loaders.gl/core@4.4.1)
      '@loaders.gl/worker-utils': 4.4.1(@loaders.gl/core@4.4.1)
      '@probe.gl/log': 4.1.1
    transitivePeerDependencies:
      - '@75lb/nature'

  '@loaders.gl/draco@4.4.1(@loaders.gl/core@4.4.1)':
    dependencies:
      '@loaders.gl/core': 4.4.1
      '@loaders.gl/loader-utils': 4.4.1(@loaders.gl/core@4.4.1)
      '@loaders.gl/schema': 4.4.1
      '@loaders.gl/schema-utils': 4.4.1(@loaders.gl/core@4.4.1)
      '@loaders.gl/worker-utils': 4.4.1(@loaders.gl/core@4.4.1)
      draco3d: 1.5.7
    transitivePeerDependencies:
      - '@75lb/nature'

  '@loaders.gl/gltf@4.4.1(@loaders.gl/core@4.4.1)':
    dependencies:
      '@loaders.gl/core': 4.4.1
      '@loaders.gl/draco': 4.4.1(@loaders.gl/core@4.4.1)
      '@loaders.gl/images': 4.4.1(@loaders.gl/core@4.4.1)
      '@loaders.gl/loader-utils': 4.4.1(@loaders.gl/core@4.4.1)
      '@loaders.gl/schema': 4.4.1
      '@loaders.gl/textures': 4.4.1(@loaders.gl/core@4.4.1)
      '@math.gl/core': 4.1.0
    transitivePeerDependencies:
      - '@75lb/nature'

  '@loaders.gl/images@4.4.1(@loaders.gl/core@4.4.1)':
    dependencies:
      '@loaders.gl/core': 4.4.1
      '@loaders.gl/loader-utils': 4.4.1(@loaders.gl/core@4.4.1)
    transitivePeerDependencies:
      - '@75lb/nature'

  '@loaders.gl/loader-utils@4.4.1(@loaders.gl/core@4.4.1)':
    dependencies:
      '@loaders.gl/schema': 4.4.1
      '@loaders.gl/worker-utils': 4.4.1(@loaders.gl/core@4.4.1)
      '@probe.gl/log': 4.1.1
      '@probe.gl/stats': 4.1.1
    transitivePeerDependencies:
      - '@75lb/nature'
      - '@loaders.gl/core'

  '@loaders.gl/schema-utils@4.4.1(@loaders.gl/core@4.4.1)':
    dependencies:
      '@loaders.gl/core': 4.4.1
      '@loaders.gl/schema': 4.4.1
      '@types/geojson': 7946.0.16
      apache-arrow: 21.1.0
    transitivePeerDependencies:
      - '@75lb/nature'

  '@loaders.gl/schema@4.4.1':
    dependencies:
      '@types/geojson': 7946.0.16
      apache-arrow: 21.1.0
    transitivePeerDependencies:
      - '@75lb/nature'

  '@loaders.gl/textures@4.4.1(@loaders.gl/core@4.4.1)':
    dependencies:
      '@loaders.gl/core': 4.4.1
      '@loaders.gl/images': 4.4.1(@loaders.gl/core@4.4.1)
      '@loaders.gl/loader-utils': 4.4.1(@loaders.gl/core@4.4.1)
      '@loaders.gl/schema': 4.4.1
      '@loaders.gl/worker-utils': 4.4.1(@loaders.gl/core@4.4.1)
      '@math.gl/types': 4.1.0
      ktx-parse: 0.7.1
      texture-compressor: 1.0.2
    transitivePeerDependencies:
      - '@75lb/nature'

  '@loaders.gl/worker-utils@4.4.1(@loaders.gl/core@4.4.1)':
    dependencies:
      '@loaders.gl/core': 4.4.1

  '@math.gl/core@4.1.0':
    dependencies:
      '@math.gl/types': 4.1.0

  '@math.gl/types@4.1.0': {}

  '@probe.gl/env@4.1.1': {}

  '@probe.gl/log@4.1.1':
    dependencies:
      '@probe.gl/env': 4.1.1

  '@probe.gl/stats@4.1.1': {}

  '@swc/helpers@0.5.21':
    dependencies:
      tslib: 2.8.1

  '@tolokoban/tgd@2.3.0':
    dependencies:
      '@loaders.gl/core': 4.4.1
      '@loaders.gl/draco': 4.4.1(@loaders.gl/core@4.4.1)
      '@loaders.gl/gltf': 4.4.1(@loaders.gl/core@4.4.1)
      gl-matrix: 3.4.4
    transitivePeerDependencies:
      - '@75lb/nature'

  '@types/command-line-args@5.2.3': {}

  '@types/command-line-usage@5.0.4': {}

  '@types/geojson@7946.0.16': {}

  '@types/node@24.12.2':
    dependencies:
      undici-types: 7.16.0

  ansi-styles@4.3.0:
    dependencies:
      color-convert: 2.0.1

  apache-arrow@21.1.0:
    dependencies:
      '@swc/helpers': 0.5.21
      '@types/command-line-args': 5.2.3
      '@types/command-line-usage': 5.0.4
      '@types/node': 24.12.2
      command-line-args: 6.0.2
      command-line-usage: 7.0.4
      flatbuffers: 25.9.23
      json-bignum: 0.0.3
      tslib: 2.8.1
    transitivePeerDependencies:
      - '@75lb/nature'

  argparse@1.0.10:
    dependencies:
      sprintf-js: 1.0.3

  array-back@6.2.3: {}

  chalk-template@0.4.0:
    dependencies:
      chalk: 4.1.2

  chalk@4.1.2:
    dependencies:
      ansi-styles: 4.3.0
      supports-color: 7.2.0

  color-convert@2.0.1:
    dependencies:
      color-name: 1.1.4

  color-name@1.1.4: {}

  command-line-args@6.0.2:
    dependencies:
      array-back: 6.2.3
      find-replace: 5.0.2
      lodash.camelcase: 4.3.0
      typical: 7.3.0

  command-line-usage@7.0.4:
    dependencies:
      array-back: 6.2.3
      chalk-template: 0.4.0
      table-layout: 4.1.1
      typical: 7.3.0

  draco3d@1.5.7: {}

  fflate@0.8.2: {}

  find-replace@5.0.2: {}

  flatbuffers@25.9.23: {}

  gl-matrix@3.4.4: {}

  has-flag@4.0.0: {}

  image-size@0.7.5: {}

  json-bignum@0.0.3: {}

  ktx-parse@0.7.1: {}

  lodash.camelcase@4.3.0: {}

  react@19.2.5: {}

  sprintf-js@1.0.3: {}

  supports-color@7.2.0:
    dependencies:
      has-flag: 4.0.0

  table-layout@4.1.1:
    dependencies:
      array-back: 6.2.3
      wordwrapjs: 5.1.1

  texture-compressor@1.0.2:
    dependencies:
      argparse: 1.0.10
      image-size: 0.7.5

  tslib@2.8.1: {}

  typescript@5.9.3: {}

  typical@7.3.0: {}

  undici-types@7.16.0: {}

  wordwrapjs@5.1.1: {}
